
Microsoft Visual Studio Solution File, Format Version 12.00
# Visual Studio Version 17
VisualStudioVersion = 17.2.32210.308
MinimumVisualStudioVersion = 10.0.40219.1
Project("{9A19103F-16F7-4668-BE54-9A1E7A4F7556}") = "Totalview TIme Smartclient", "Totalview TIme Smartclient.csproj", "{DA9B9690-56DA-4FF7-9FE5-BBA215ABEDC4}"
EndProject
Global
	GlobalSection(SolutionConfigurationPlatforms) = preSolution
		Debug|Any CPU = Debug|Any CPU
		Release|Any CPU = Release|Any CPU
	EndGlobalSection
	GlobalSection(ProjectConfigurationPlatforms) = postSolution
		{DA9B9690-56DA-4FF7-9FE5-BBA215ABEDC4}.Debug|Any CPU.ActiveCfg = Debug|Any CPU
		{DA9B9690-56DA-4FF7-9FE5-BBA215ABEDC4}.Debug|Any CPU.Build.0 = Debug|Any CPU
		{DA9B9690-56DA-4FF7-9FE5-BBA215ABEDC4}.Debug|Any CPU.Deploy.0 = Debug|Any CPU
		{DA9B9690-56DA-4FF7-9FE5-BBA215ABEDC4}.Release|Any CPU.ActiveCfg = Release|Any CPU
		{DA9B9690-56DA-4FF7-9FE5-BBA215ABEDC4}.Release|Any CPU.Build.0 = Release|Any CPU
		{DA9B9690-56DA-4FF7-9FE5-BBA215ABEDC4}.Release|Any CPU.Deploy.0 = Release|Any CPU
	EndGlobalSection
	GlobalSection(SolutionProperties) = preSolution
		HideSolutionNode = FALSE
	EndGlobalSection
	GlobalSection(ExtensibilityGlobals) = postSolution
		SolutionGuid = {641BE202-2E47-409C-BA63-DAC4B7E3AC82}
	EndGlobalSection
EndGlobal
